// !$*UTF8*$!
{
	archiveVersion = 1;
	classes = {
	};
	objectVersion = 55;
	objects = {

/* Begin PBXBuildFile section */
		DF21BA53288EB2580044554F /* AppDelegate.swift in Sources */ = {isa = PBXBuildFile; fileRef = DF21BA52288EB2580044554F /* AppDelegate.swift */; };
		DF21BA55288EB2580044554F /* SceneDelegate.swift in Sources */ = {isa = PBXBuildFile; fileRef = DF21BA54288EB2580044554F /* SceneDelegate.swift */; };
		DF21BA5A288EB2580044554F /* Main.storyboard in Resources */ = {isa = PBXBuildFile; fileRef = DF21BA58288EB2580044554F /* Main.storyboard */; };
		DF21BA5C288EB25B0044554F /* Assets.xcassets in Resources */ = {isa = PBXBuildFile; fileRef = DF21BA5B288EB25B0044554F /* Assets.xcassets */; };
		DF21BA5F288EB25B0044554F /* LaunchScreen.storyboard in Resources */ = {isa = PBXBuildFile; fileRef = DF21BA5D288EB25B0044554F /* LaunchScreen.storyboard */; };
		DF21BA67288EB2890044554F /* psychologicalTestViewController.swift in Sources */ = {isa = PBXBuildFile; fileRef = DF21BA66288EB2890044554F /* psychologicalTestViewController.swift */; };
		DFA50D2B28995FCD00BB7D58 /* chooseViewController.swift in Sources */ = {isa = PBXBuildFile; fileRef = DFA50D2A28995FCD00BB7D58 /* chooseViewController.swift */; };
		DFA50D2D28995FF400BB7D58 /* resultViewController.swift in Sources */ = {isa = PBXBuildFile; fileRef = DFA50D2C28995FF400BB7D58 /* resultViewController.swift */; };
		DFA50D2F289AB34200BB7D58 /* loadingViewController.swift in Sources */ = {isa = PBXBuildFile; fileRef = DFA50D2E289AB34200BB7D58 /* loadingViewController.swift */; };
		DFA50D31289D569700BB7D58 /* result.swift in Sources */ = {isa = PBXBuildFile; fileRef = DFA50D30289D569700BB7D58 /* result.swift */; };
/* End PBXBuildFile section */

/* Begin PBXFileReference section */
		DF21BA4F288EB2580044554F /* psychologicalTestApp.app */ = {isa = PBXFileReference; explicitFileType = wrapper.application; includeInIndex = 0; path = psychologicalTestApp.app; sourceTree = BUILT_PRODUCTS_DIR; };
		DF21BA52288EB2580044554F /* AppDelegate.swift */ = {isa = PBXFileReference; lastKnownFileType = sourcecode.swift; path = AppDelegate.swift; sourceTree = "<group>"; };
		DF21BA54288EB2580044554F /* SceneDelegate.swift */ = {isa = PBXFileReference; lastKnownFileType = sourcecode.swift; path = SceneDelegate.swift; sourceTree = "<group>"; };
		DF21BA59288EB2580044554F /* Base */ = {isa = PBXFileReference; lastKnownFileType = file.storyboard; name = Base; path = Base.lproj/Main.storyboard; sourceTree = "<group>"; };
		DF21BA5B288EB25B0044554F /* Assets.xcassets */ = {isa = PBXFileReference; lastKnownFileType = folder.assetcatalog; path = Assets.xcassets; sourceTree = "<group>"; };
		DF21BA5E288EB25B0044554F /* Base */ = {isa = PBXFileReference; lastKnownFileType = file.storyboard; name = Base; path = Base.lproj/LaunchScreen.storyboard; sourceTree = "<group>"; };
		DF21BA60288EB25B0044554F /* Info.plist */ = {isa = PBXFileReference; lastKnownFileType = text.plist.xml; path = Info.plist; sourceTree = "<group>"; };
		DF21BA66288EB2890044554F /* psychologicalTestViewController.swift */ = {isa = PBXFileReference; lastKnownFileType = sourcecode.swift; path = psychologicalTestViewController.swift; sourceTree = "<group>"; };
		DFA50D2A28995FCD00BB7D58 /* chooseViewController.swift */ = {isa = PBXFileReference; lastKnownFileType = sourcecode.swift; path = chooseViewController.swift; sourceTree = "<group>"; };
		DFA50D2C28995FF400BB7D58 /* resultViewController.swift */ = {isa = PBXFileReference; lastKnownFileType = sourcecode.swift; path = resultViewController.swift; sourceTree = "<group>"; };
		DFA50D2E289AB34200BB7D58 /* loadingViewController.swift */ = {isa = PBXFileReference; lastKnownFileType = sourcecode.swift; path = loadingViewController.swift; sourceTree = "<group>"; };
		DFA50D30289D569700BB7D58 /* result.swift */ = {isa = PBXFileReference; lastKnownFileType = sourcecode.swift; path = result.swift; sourceTree = "<group>"; };
/* End PBXFileReference section */

/* Begin PBXFrameworksBuildPhase section */
		DF21BA4C288EB2580044554F /* Frameworks */ = {
			isa = PBXFrameworksBuildPhase;
			buildActionMask = 2147483647;
			files = (
			);
			runOnlyForDeploymentPostprocessing = 0;
		};
/* End PBXFrameworksBuildPhase section */

/* Begin PBXGroup section */
		DF21BA46288EB2580044554F = {
			isa = PBXGroup;
			children = (
				DF21BA51288EB2580044554F /* psychologicalTestApp */,
				DF21BA50288EB2580044554F /* Products */,
			);
			sourceTree = "<group>";
		};
		DF21BA50288EB2580044554F /* Products */ = {
			isa = PBXGroup;
			children = (
				DF21BA4F288EB2580044554F /* psychologicalTestApp.app */,
			);
			name = Products;
			sourceTree = "<group>";
		};
		DF21BA51288EB2580044554F /* psychologicalTestApp */ = {
			isa = PBXGroup;
			children = (
				DF21BA52288EB2580044554F /* AppDelegate.swift */,
				DF21BA54288EB2580044554F /* SceneDelegate.swift */,
				DF21BA58288EB2580044554F /* Main.storyboard */,
				DFA50D2E289AB34200BB7D58 /* loadingViewController.swift */,
				DFA50D2C28995FF400BB7D58 /* resultViewController.swift */,
				DFA50D2A28995FCD00BB7D58 /* chooseViewController.swift */,
				DFA50D30289D569700BB7D58 /* result.swift */,
				DF21BA66288EB2890044554F /* psychologicalTestViewController.swift */,
				DF21BA5B288EB25B0044554F /* Assets.xcassets */,
				DF21BA5D288EB25B0044554F /* LaunchScreen.storyboard */,
				DF21BA60288EB25B0044554F /* Info.plist */,
			);
			path = psychologicalTestApp;
			sourceTree = "<group>";
		};
/* End PBXGroup section */

/* Begin PBXNativeTarget section */
		DF21BA4E288EB2580044554F /* psychologicalTestApp */ = {
			isa = PBXNativeTarget;
			buildConfigurationList = DF21BA63288EB25B0044554F /* Build configuration list for PBXNativeTarget "psychologicalTestApp" */;
			buildPhases = (
				DF21BA4B288EB2580044554F /* Sources */,
				DF21BA4C288EB2580044554F /* Frameworks */,
				DF21BA4D288EB2580044554F /* Resources */,
			);
			buildRules = (
			);
			dependencies = (
			);
			name = psychologicalTestApp;
			productName = psychologicalTestApp;
			productReference = DF21BA4F288EB2580044554F /* psychologicalTestApp.app */;
			productType = "com.apple.product-type.application";
		};
/* End PBXNativeTarget section */

/* Begin PBXProject section */
		DF21BA47288EB2580044554F /* Project object */ = {
			isa = PBXProject;
			attributes = {
				BuildIndependentTargetsInParallel = 1;
				LastSwiftUpdateCheck = 1340;
				LastUpgradeCheck = 1340;
				TargetAttributes = {
					DF21BA4E288EB2580044554F = {
						CreatedOnToolsVersion = 13.4.1;
					};
				};
			};
			buildConfigurationList = DF21BA4A288EB2580044554F /* Build configuration list for PBXProject "psychologicalTestApp" */;
			compatibilityVersion = "Xcode 13.0";
			developmentRegion = en;
			hasScannedForEncodings = 0;
			knownRegions = (
				en,
				Base,
			);
			mainGroup = DF21BA46288EB2580044554F;
			productRefGroup = DF21BA50288EB2580044554F /* Products */;
			projectDirPath = "";
			projectRoot = "";
			targets = (
				DF21BA4E288EB2580044554F /* psychologicalTestApp */,
			);
		};
/* End PBXProject section */

/* Begin PBXResourcesBuildPhase section */
		DF21BA4D288EB2580044554F /* Resources */ = {
			isa = PBXResourcesBuildPhase;
			buildActionMask = 2147483647;
			files = (
				DF21BA5F288EB25B0044554F /* LaunchScreen.storyboard in Resources */,
				DF21BA5C288EB25B0044554F /* Assets.xcassets in Resources */,
				DF21BA5A288EB2580044554F /* Main.storyboard in Resources */,
			);
			runOnlyForDeploymentPostprocessing = 0;
		};
/* End PBXResourcesBuildPhase section */

/* Begin PBXSourcesBuildPhase section */
		DF21BA4B288EB2580044554F /* Sources */ = {
			isa = PBXSourcesBuildPhase;
			buildActionMask = 2147483647;
			files = (
				DFA50D2D28995FF400BB7D58 /* resultViewController.swift in Sources */,
				DF21BA53288EB2580044554F /* AppDelegate.swift in Sources */,
				DFA50D2B28995FCD00BB7D58 /* chooseViewController.swift in Sources */,
				DF21BA55288EB2580044554F /* SceneDelegate.swift in Sources */,
				DF21BA67288EB2890044554F /* psychologicalTestViewController.swift in Sources */,
				DFA50D31289D569700BB7D58 /* result.swift in Sources */,
				DFA50D2F289AB34200BB7D58 /* loadingViewController.swift in Sources */,
			);
			runOnlyForDeploymentPostprocessing = 0;
		};
/* End PBXSourcesBuildPhase section */

/* Begin PBXVariantGroup section */
		DF21BA58288EB2580044554F /* Main.storyboard */ = {
			isa = PBXVariantGroup;
			children = (
				DF21BA59288EB2580044554F /* Base */,
			);
			name = Main.storyboard;
			sourceTree = "<group>";
		};
		DF21BA5D288EB25B0044554F /* LaunchScreen.storyboard */ = {
			isa = PBXVariantGroup;
			children = (
				DF21BA5E288EB25B0044554F /* Base */,
			);
			name = LaunchScreen.storyboard;
			sourceTree = "<group>";
		};
/* End PBXVariantGroup section */

/* Begin XCBuildConfiguration section */
		DF21BA61288EB25B0044554F /* Debug */ = {
			isa = XCBuildConfiguration;
			buildSettings = {
				ALWAYS_SEARCH_USER_PATHS = NO;
				CLANG_ANALYZER_NONNULL = YES;
				CLANG_ANALYZER_NUMBER_OBJECT_CONVERSION = YES_AGGRESSIVE;
				CLANG_CXX_LANGUAGE_STANDARD = "gnu++17";
				CLANG_ENABLE_MODULES = YES;
				CLANG_ENABLE_OBJC_ARC = YES;
				CLANG_ENABLE_OBJC_WEAK = YES;
				CLANG_WARN_BLOCK_CAPTURE_AUTORELEASING = YES;
				CLANG_WARN_BOOL_CONVERSION = YES;
				CLANG_WARN_COMMA = YES;
				CLANG_WARN_CONSTANT_CONVERSION = YES;
				CLANG_WARN_DEPRECATED_OBJC_IMPLEMENTATIONS = YES;
				CLANG_WARN_DIRECT_OBJC_ISA_USAGE = YES_ERROR;
				CLANG_WARN_DOCUMENTATION_COMMENTS = YES;
				CLANG_WARN_EMPTY_BODY = YES;
				CLANG_WARN_ENUM_CONVERSION = YES;
				CLANG_WARN_INFINITE_RECURSION = YES;
				CLANG_WARN_INT_CONVERSION = YES;
				CLANG_WARN_NON_LITERAL_NULL_CONVERSION = YES;
				CLANG_WARN_OBJC_IMPLICIT_RETAIN_SELF = YES;
				CLANG_WARN_OBJC_LITERAL_CONVERSION = YES;
				CLANG_WARN_OBJC_ROOT_CLASS = YES_ERROR;
				CLANG_WARN_QUOTED_INCLUDE_IN_FRAMEWORK_HEADER = YES;
				CLANG_WARN_RANGE_LOOP_ANALYSIS = YES;
				CLANG_WARN_STRICT_PROTOTYPES = YES;
				CLANG_WARN_SUSPICIOUS_MOVE = YES;
				CLANG_WARN_UNGUARDED_AVAILABILITY = YES_AGGRESSIVE;
				CLANG_WARN_UNREACHABLE_CODE = YES;
				CLANG_WARN__DUPLICATE_METHOD_MATCH = YES;
				COPY_PHASE_STRIP = NO;
				DEBUG_INFORMATION_FORMAT = dwarf;
				ENABLE_STRICT_OBJC_MSGSEND = YES;
				ENABLE_TESTABILITY = YES;
				GCC_C_LANGUAGE_STANDARD = gnu11;
				GCC_DYNAMIC_NO_PIC = NO;
				GCC_NO_COMMON_BLOCKS = YES;
				GCC_OPTIMIZATION_LEVEL = 0;
				GCC_PREPROCESSOR_DEFINITIONS = (
					"DEBUG=1",
					"$(inherited)",
				);
				GCC_WARN_64_TO_32_BIT_CONVERSION = YES;
				GCC_WARN_ABOUT_RETURN_TYPE = YES_ERROR;
				GCC_WARN_UNDECLARED_SELECTOR = YES;
				GCC_WARN_UNINITIALIZED_AUTOS = YES_AGGRESSIVE;
				GCC_WARN_UNUSED_FUNCTION = YES;
				GCC_WARN_UNUSED_VARIABLE = YES;
				IPHONEOS_DEPLOYMENT_TARGET = 15.5;
				MTL_ENABLE_DEBUG_INFO = INCLUDE_SOURCE;
				MTL_FAST_MATH = YES;
				ONLY_ACTIVE_ARCH = YES;
				SDKROOT = iphoneos;
				SWIFT_ACTIVE_COMPILATION_CONDITIONS = DEBUG;
				SWIFT_OPTIMIZATION_LEVEL = "-Onone";
			};
			name = Debug;
		};
		DF21BA62288EB25B0044554F /* Release */ = {
			isa = XCBuildConfiguration;
			buildSettings = {
				ALWAYS_SEARCH_USER_PATHS = NO;
				CLANG_ANALYZER_NONNULL = YES;
				CLANG_ANALYZER_NUMBER_OBJECT_CONVERSION = YES_AGGRESSIVE;
				CLANG_CXX_LANGUAGE_STANDARD = "gnu++17";
				CLANG_ENABLE_MODULES = YES;
				CLANG_ENABLE_OBJC_ARC = YES;
				CLANG_ENABLE_OBJC_WEAK = YES;
				CLANG_WARN_BLOCK_CAPTURE_AUTORELEASING = YES;
				CLANG_WARN_BOOL_CONVERSION = YES;
				CLANG_WARN_COMMA = YES;
				CLANG_WARN_CONSTANT_CONVERSION = YES;
				CLANG_WARN_DEPRECATED_OBJC_IMPLEMENTATIONS = YES;
				CLANG_WARN_DIRECT_OBJC_ISA_USAGE = YES_ERROR;
				CLANG_WARN_DOCUMENTATION_COMMENTS = YES;
				CLANG_WARN_EMPTY_BODY = YES;
				CLANG_WARN_ENUM_CONVERSION = YES;
				CLANG_WARN_INFINITE_RECURSION = YES;
				CLANG_WARN_INT_CONVERSION = YES;
				CLANG_WARN_NON_LITERAL_NULL_CONVERSION = YES;
				CLANG_WARN_OBJC_IMPLICIT_RETAIN_SELF = YES;
				CLANG_WARN_OBJC_LITERAL_CONVERSION = YES;
				CLANG_WARN_OBJC_ROOT_CLASS = YES_ERROR;
				CLANG_WARN_QUOTED_INCLUDE_IN_FRAMEWORK_HEADER = YES;
				CLANG_WARN_RANGE_LOOP_ANALYSIS = YES;
				CLANG_WARN_STRICT_PROTOTYPES = YES;
				CLANG_WARN_SUSPICIOUS_MOVE = YES;
				CLANG_WARN_UNGUARDED_AVAILABILITY = YES_AGGRESSIVE;
				CLANG_WARN_UNREACHABLE_CODE = YES;
				CLANG_WARN__DUPLICATE_METHOD_MATCH = YES;
				COPY_PHASE_STRIP = NO;
				DEBUG_INFORMATION_FORMAT = "dwarf-with-dsym";
				ENABLE_NS_ASSERTIONS = NO;
				ENABLE_STRICT_OBJC_MSGSEND = YES;
				GCC_C_LANGUAGE_STANDARD = gnu11;
				GCC_NO_COMMON_BLOCKS = YES;
				GCC_WARN_64_TO_32_BIT_CONVERSION = YES;
				GCC_WARN_ABOUT_RETURN_TYPE = YES_ERROR;
				GCC_WARN_UNDECLARED_SELECTOR = YES;
				GCC_WARN_UNINITIALIZED_AUTOS = YES_AGGRESSIVE;
				GCC_WARN_UNUSED_FUNCTION = YES;
				GCC_WARN_UNUSED_VARIABLE = YES;
				IPHONEOS_DEPLOYMENT_TARGET = 15.5;
				MTL_ENABLE_DEBUG_INFO = NO;
				MTL_FAST_MATH = YES;
				SDKROOT = iphoneos;
				SWIFT_COMPILATION_MODE = wholemodule;
				SWIFT_OPTIMIZATION_LEVEL = "-O";
				VALIDATE_PRODUCT = YES;
			};
			name = Release;
		};
		DF21BA64288EB25B0044554F /* Debug */ = {
			isa = XCBuildConfiguration;
			buildSettings = {
				ASSETCATALOG_COMPILER_APPICON_NAME = AppIcon;
				ASSETCATALOG_COMPILER_GLOBAL_ACCENT_COLOR_NAME = AccentColor;
				CODE_SIGN_STYLE = Automatic;
				CURRENT_PROJECT_VERSION = 1;
				DEVELOPMENT_TEAM = C45A892QU4;
				GENERATE_INFOPLIST_FILE = YES;
				INFOPLIST_FILE = psychologicalTestApp/Info.plist;
				INFOPLIST_KEY_UIApplicationSupportsIndirectInputEvents = YES;
				INFOPLIST_KEY_UILaunchStoryboardName = LaunchScreen;
				INFOPLIST_KEY_UIMainStoryboardFile = Main;
				INFOPLIST_KEY_UISupportedInterfaceOrientations_iPad = "UIInterfaceOrientationPortrait UIInterfaceOrientationPortraitUpsideDown UIInterfaceOrientationLandscapeLeft UIInterfaceOrientationLandscapeRight";
				INFOPLIST_KEY_UISupportedInterfaceOrientations_iPhone = "UIInterfaceOrientationPortrait UIInterfaceOrientationLandscapeLeft UIInterfaceOrientationLandscapeRight";
				LD_RUNPATH_SEARCH_PATHS = (
					"$(inherited)",
					"@executable_path/Frameworks",
				);
				MARKETING_VERSION = 1.0;
				PRODUCT_BUNDLE_IDENTIFIER = com.huscro.psychologicalTestApp;
				PRODUCT_NAME = "$(TARGET_NAME)";
				SWIFT_EMIT_LOC_STRINGS = YES;
				SWIFT_VERSION = 5.0;
				TARGETED_DEVICE_FAMILY = "1,2";
			};
			name = Debug;
		};
		DF21BA65288EB25B0044554F /* Release */ = {
			isa = XCBuildConfiguration;
			buildSettings = {
				ASSETCATALOG_COMPILER_APPICON_NAME = AppIcon;
				ASSETCATALOG_COMPILER_GLOBAL_ACCENT_COLOR_NAME = AccentColor;
				CODE_SIGN_STYLE = Automatic;
				CURRENT_PROJECT_VERSION = 1;
				DEVELOPMENT_TEAM = C45A892QU4;
				GENERATE_INFOPLIST_FILE = YES;
				INFOPLIST_FILE = psychologicalTestApp/Info.plist;
				INFOPLIST_KEY_UIApplicationSupportsIndirectInputEvents = YES;
				INFOPLIST_KEY_UILaunchStoryboardName = LaunchScreen;
				INFOPLIST_KEY_UIMainStoryboardFile = Main;
				INFOPLIST_KEY_UISupportedInterfaceOrientations_iPad = "UIInterfaceOrientationPortrait UIInterfaceOrientationPortraitUpsideDown UIInterfaceOrientationLandscapeLeft UIInterfaceOrientationLandscapeRight";
				INFOPLIST_KEY_UISupportedInterfaceOrientations_iPhone = "UIInterfaceOrientationPortrait UIInterfaceOrientationLandscapeLeft UIInterfaceOrientationLandscapeRight";
				LD_RUNPATH_SEARCH_PATHS = (
					"$(inherited)",
					"@executable_path/Frameworks",
				);
				MARKETING_VERSION = 1.0;
				PRODUCT_BUNDLE_IDENTIFIER = com.huscro.psychologicalTestApp;
				PRODUCT_NAME = "$(TARGET_NAME)";
				SWIFT_EMIT_LOC_STRINGS = YES;
				SWIFT_VERSION = 5.0;
				TARGETED_DEVICE_FAMILY = "1,2";
			};
			name = Release;
		};
/* End XCBuildConfiguration section */

/* Begin XCConfigurationList section */
		DF21BA4A288EB2580044554F /* Build configuration list for PBXProject "psychologicalTestApp" */ = {
			isa = XCConfigurationList;
			buildConfigurations = (
				DF21BA61288EB25B0044554F /* Debug */,
				DF21BA62288EB25B0044554F /* Release */,
			);
			defaultConfigurationIsVisible = 0;
			defaultConfigurationName = Release;
		};
		DF21BA63288EB25B0044554F /* Build configuration list for PBXNativeTarget "psychologicalTestApp" */ = {
			isa = XCConfigurationList;
			buildConfigurations = (
				DF21BA64288EB25B0044554F /* Debug */,
				DF21BA65288EB25B0044554F /* Release */,
			);
			defaultConfigurationIsVisible = 0;
			defaultConfigurationName = Release;
		};
/* End XCConfigurationList section */
	};
	rootObject = DF21BA47288EB2580044554F /* Project object */;
}
